
Microsoft Visual Studio Solution File, Format Version 12.00
# Visual Studio Version 16
VisualStudioVersion = 16.0.31624.102
MinimumVisualStudioVersion = 10.0.40219.1
Project("{FAE04EC0-301F-11D3-BF4B-00C04F79EFBC}") = "Primeiro_Projeto", "Primeiro_Projeto\Primeiro_Projeto.csproj", "{B448CB5C-079F-4398-B33B-D58BEE2247FD}"
EndProject
Global
	GlobalSection(SolutionConfigurationPlatforms) = preSolution
		Debug|Any CPU = Debug|Any CPU
		Release|Any CPU = Release|Any CPU
	EndGlobalSection
	GlobalSection(ProjectConfigurationPlatforms) = postSolution
		{B448CB5C-079F-4398-B33B-D58BEE2247FD}.Debug|Any CPU.ActiveCfg = Debug|Any CPU
		{B448CB5C-079F-4398-B33B-D58BEE2247FD}.Debug|Any CPU.Build.0 = Debug|Any CPU
		{B448CB5C-079F-4398-B33B-D58BEE2247FD}.Release|Any CPU.ActiveCfg = Release|Any CPU
		{B448CB5C-079F-4398-B33B-D58BEE2247FD}.Release|Any CPU.Build.0 = Release|Any CPU
	EndGlobalSection
	GlobalSection(SolutionProperties) = preSolution
		HideSolutionNode = FALSE
	EndGlobalSection
	GlobalSection(ExtensibilityGlobals) = postSolution
		SolutionGuid = {C98CA247-575D-4440-A87A-1308D77AEA50}
	EndGlobalSection
EndGlobal
